
Microsoft Visual Studio Solution File, Format Version 12.00
# Visual Studio Version 17
VisualStudioVersion = 17.1.32328.378
MinimumVisualStudioVersion = 10.0.40219.1
Project("{FAE04EC0-301F-11D3-BF4B-00C04F79EFBC}") = "Customer.Web", "Customer.Web\Customer.Web.csproj", "{9C694C7B-43CB-428F-B2C7-F9A300477BC0}"
EndProject
Project("{FAE04EC0-301F-11D3-BF4B-00C04F79EFBC}") = "Customer.Data", "Customer.Data\Customer.Data.csproj", "{75D84212-25D5-4340-8873-635B27BA9D9A}"
EndProject
Global
	GlobalSection(SolutionConfigurationPlatforms) = preSolution
		Debug|Any CPU = Debug|Any CPU
		Release|Any CPU = Release|Any CPU
	EndGlobalSection
	GlobalSection(ProjectConfigurationPlatforms) = postSolution
		{9C694C7B-43CB-428F-B2C7-F9A300477BC0}.Debug|Any CPU.ActiveCfg = Debug|Any CPU
		{9C694C7B-43CB-428F-B2C7-F9A300477BC0}.Debug|Any CPU.Build.0 = Debug|Any CPU
		{9C694C7B-43CB-428F-B2C7-F9A300477BC0}.Release|Any CPU.ActiveCfg = Release|Any CPU
		{9C694C7B-43CB-428F-B2C7-F9A300477BC0}.Release|Any CPU.Build.0 = Release|Any CPU
		{75D84212-25D5-4340-8873-635B27BA9D9A}.Debug|Any CPU.ActiveCfg = Debug|Any CPU
		{75D84212-25D5-4340-8873-635B27BA9D9A}.Debug|Any CPU.Build.0 = Debug|Any CPU
		{75D84212-25D5-4340-8873-635B27BA9D9A}.Release|Any CPU.ActiveCfg = Release|Any CPU
		{75D84212-25D5-4340-8873-635B27BA9D9A}.Release|Any CPU.Build.0 = Release|Any CPU
	EndGlobalSection
	GlobalSection(SolutionProperties) = preSolution
		HideSolutionNode = FALSE
	EndGlobalSection
	GlobalSection(ExtensibilityGlobals) = postSolution
		SolutionGuid = {DD627D8A-3DF8-4762-8E6B-134DA8D04B93}
	EndGlobalSection
EndGlobal
